
Microsoft Visual Studio Solution File, Format Version 12.00
# Visual Studio Version 16
VisualStudioVersion = 16.0.29326.143
MinimumVisualStudioVersion = 10.0.40219.1
Project("{9A19103F-16F7-4668-BE54-9A1E7A4F7556}") = "Core", "0.Core\Core\Core.csproj", "{68873805-F865-492D-8853-82E6B4A85F46}"
EndProject
Project("{2150E333-8FDC-42A3-9474-1A3956D46DE8}") = "0.Core", "0.Core", "{3AB24D8A-3508-445C-B9A2-BD501CE2FB42}"
EndProject
Project("{2150E333-8FDC-42A3-9474-1A3956D46DE8}") = "1.Domain", "1.Domain", "{E76C3EDA-6D18-4A29-A8C3-9DB22FBF8A6B}"
EndProject
Project("{2150E333-8FDC-42A3-9474-1A3956D46DE8}") = "2.Infrastructure", "2.Infrastructure", "{3485A0AC-2544-42A8-9927-72F980FE3FB1}"
EndProject
Project("{9A19103F-16F7-4668-BE54-9A1E7A4F7556}") = "Domain.Model", "1.Domain\Domain.Model\Domain.Model.csproj", "{D0547A12-2163-46F8-B480-FDB8EB9A17B8}"
EndProject
Project("{9A19103F-16F7-4668-BE54-9A1E7A4F7556}") = "Domain.Services", "1.Domain\Domain.Services\Domain.Services.csproj", "{F85D76BD-8917-4153-8729-079ED0B80E82}"
EndProject
Project("{9A19103F-16F7-4668-BE54-9A1E7A4F7556}") = "Persistance.EF", "2.Infrastructure\Persistance.EF\Persistance.EF.csproj", "{91DED369-ED7E-4DC2-88D3-F00539D3C4CF}"
EndProject
Project("{9A19103F-16F7-4668-BE54-9A1E7A4F7556}") = "Domain.Services.ExternalServices", "2.Infrastructure\Domain.Services.ExternalServices\Domain.Services.ExternalServices.csproj", "{1C0C1250-6E85-4992-AB54-47D0A9CFDB91}"
EndProject
Project("{9A19103F-16F7-4668-BE54-9A1E7A4F7556}") = "Core.Persistance", "0.Core\Core.Persistance\Core.Persistance.csproj", "{EB6D1EEB-A553-4640-8C89-4CC50B46E10F}"
EndProject
Project("{9A19103F-16F7-4668-BE54-9A1E7A4F7556}") = "ApiServer", "4.Clients\ApiServer\ApiServer.csproj", "{29A46707-129F-452B-8E32-F8BDCF41877C}"
EndProject
Project("{2150E333-8FDC-42A3-9474-1A3956D46DE8}") = "4.Clients", "4.Clients", "{6D69BD77-3E0D-4E74-B0AC-4D5CB3972DA5}"
EndProject
Project("{9A19103F-16F7-4668-BE54-9A1E7A4F7556}") = "Domain.Services.Repositories.EF", "2.Infrastructure\Domain.Services.Repositories.EF\Domain.Services.Repositories.EF.csproj", "{03F63D8D-4D56-4B94-9F87-7E1EFB9B384E}"
EndProject
Project("{9A19103F-16F7-4668-BE54-9A1E7A4F7556}") = "DependencyInjection", "3.Application\DependencyInjection\DependencyInjection.csproj", "{EA729D27-35E5-4AF6-969B-5CE5064B47EC}"
EndProject
Project("{2150E333-8FDC-42A3-9474-1A3956D46DE8}") = "3.Application", "3.Application", "{304D649C-ECC7-4BC7-A619-5A9FCCEBBE26}"
EndProject
Project("{9A19103F-16F7-4668-BE54-9A1E7A4F7556}") = "Domain.Services.Impl", "1.Domain\Domain.Services.Impl\Domain.Services.Impl.csproj", "{9E39E446-D64B-4AD3-A1E9-6F2E572FCB56}"
EndProject
Project("{2150E333-8FDC-42A3-9474-1A3956D46DE8}") = "Solution Items", "Solution Items", "{CE7B7679-1769-430C-A609-8990231F72F7}"
	ProjectSection(SolutionItems) = preProject
		global.json = global.json
	EndProjectSection
EndProject
Project("{2150E333-8FDC-42A3-9474-1A3956D46DE8}") = "Database", "Database", "{F7AF6AA4-E999-4E43-AB66-04E967947AFC}"
EndProject
Project("{00D1A9C2-B5F0-4AF3-8072-F6C62B433612}") = "DBProject", "DBProject\DBProject.sqlproj", "{2EECA880-A025-477B-BF65-5E7780A52B90}"
EndProject
Project("{9A19103F-16F7-4668-BE54-9A1E7A4F7556}") = "ApiServer.Contracts", "4.Clients\ApiServer.Contracts\ApiServer.Contracts.csproj", "{40BA86FF-5507-4F32-9606-99D4340A4991}"
EndProject
Project("{9A19103F-16F7-4668-BE54-9A1E7A4F7556}") = "Domain.Services.Tests", "1.Domain\Domain.Services.Tests\Domain.Services.Tests.csproj", "{303DF880-8C0A-496E-86EC-AA6556B14363}"
EndProject
Project("{9A19103F-16F7-4668-BE54-9A1E7A4F7556}") = "ApiServer.Tests", "4.Clients\ApiServer.Tests\ApiServer.Tests.csproj", "{8F6CC0B7-E05C-47CF-A7DA-353F12FB823F}"
EndProject
Project("{9A19103F-16F7-4668-BE54-9A1E7A4F7556}") = "WebApi", "4.Clients\WebApi\WebApi.csproj", "{29146226-DFC7-45F9-AFC7-EFD8528C1B17}"
EndProject
Global
	GlobalSection(SolutionConfigurationPlatforms) = preSolution
		Debug|Any CPU = Debug|Any CPU
		Debug|iPhone = Debug|iPhone
		Debug|iPhoneSimulator = Debug|iPhoneSimulator
		INT|Any CPU = INT|Any CPU
		INT|iPhone = INT|iPhone
		INT|iPhoneSimulator = INT|iPhoneSimulator
		IntegrationTest|Any CPU = IntegrationTest|Any CPU
		IntegrationTest|iPhone = IntegrationTest|iPhone
		IntegrationTest|iPhoneSimulator = IntegrationTest|iPhoneSimulator
		PROD|Any CPU = PROD|Any CPU
		PROD|iPhone = PROD|iPhone
		PROD|iPhoneSimulator = PROD|iPhoneSimulator
		QA|Any CPU = QA|Any CPU
		QA|iPhone = QA|iPhone
		QA|iPhoneSimulator = QA|iPhoneSimulator
		Release|Any CPU = Release|Any CPU
		Release|iPhone = Release|iPhone
		Release|iPhoneSimulator = Release|iPhoneSimulator
		UAT|Any CPU = UAT|Any CPU
		UAT|iPhone = UAT|iPhone
		UAT|iPhoneSimulator = UAT|iPhoneSimulator
	EndGlobalSection
	GlobalSection(ProjectConfigurationPlatforms) = postSolution
		{68873805-F865-492D-8853-82E6B4A85F46}.Debug|Any CPU.ActiveCfg = Debug|Any CPU
		{68873805-F865-492D-8853-82E6B4A85F46}.Debug|Any CPU.Build.0 = Debug|Any CPU
		{68873805-F865-492D-8853-82E6B4A85F46}.Debug|iPhone.ActiveCfg = Debug|Any CPU
		{68873805-F865-492D-8853-82E6B4A85F46}.Debug|iPhone.Build.0 = Debug|Any CPU
		{68873805-F865-492D-8853-82E6B4A85F46}.Debug|iPhoneSimulator.ActiveCfg = Debug|Any CPU
		{68873805-F865-492D-8853-82E6B4A85F46}.Debug|iPhoneSimulator.Build.0 = Debug|Any CPU
		{68873805-F865-492D-8853-82E6B4A85F46}.INT|Any CPU.ActiveCfg = INT|Any CPU
		{68873805-F865-492D-8853-82E6B4A85F46}.INT|Any CPU.Build.0 = INT|Any CPU
		{68873805-F865-492D-8853-82E6B4A85F46}.INT|iPhone.ActiveCfg = INT|Any CPU
		{68873805-F865-492D-8853-82E6B4A85F46}.INT|iPhone.Build.0 = INT|Any CPU
		{68873805-F865-492D-8853-82E6B4A85F46}.INT|iPhoneSimulator.ActiveCfg = INT|Any CPU
		{68873805-F865-492D-8853-82E6B4A85F46}.INT|iPhoneSimulator.Build.0 = INT|Any CPU
		{68873805-F865-492D-8853-82E6B4A85F46}.IntegrationTest|Any CPU.ActiveCfg = IntegrationTest|Any CPU
		{68873805-F865-492D-8853-82E6B4A85F46}.IntegrationTest|Any CPU.Build.0 = IntegrationTest|Any CPU
		{68873805-F865-492D-8853-82E6B4A85F46}.IntegrationTest|iPhone.ActiveCfg = IntegrationTest|Any CPU
		{68873805-F865-492D-8853-82E6B4A85F46}.IntegrationTest|iPhone.Build.0 = IntegrationTest|Any CPU
		{68873805-F865-492D-8853-82E6B4A85F46}.IntegrationTest|iPhoneSimulator.ActiveCfg = IntegrationTest|Any CPU
		{68873805-F865-492D-8853-82E6B4A85F46}.IntegrationTest|iPhoneSimulator.Build.0 = IntegrationTest|Any CPU
		{68873805-F865-492D-8853-82E6B4A85F46}.PROD|Any CPU.ActiveCfg = PROD|Any CPU
		{68873805-F865-492D-8853-82E6B4A85F46}.PROD|Any CPU.Build.0 = PROD|Any CPU
		{68873805-F865-492D-8853-82E6B4A85F46}.PROD|iPhone.ActiveCfg = PROD|Any CPU
		{68873805-F865-492D-8853-82E6B4A85F46}.PROD|iPhone.Build.0 = PROD|Any CPU
		{68873805-F865-492D-8853-82E6B4A85F46}.PROD|iPhoneSimulator.ActiveCfg = PROD|Any CPU
		{68873805-F865-492D-8853-82E6B4A85F46}.PROD|iPhoneSimulator.Build.0 = PROD|Any CPU
		{68873805-F865-492D-8853-82E6B4A85F46}.QA|Any CPU.ActiveCfg = QA|Any CPU
		{68873805-F865-492D-8853-82E6B4A85F46}.QA|Any CPU.Build.0 = QA|Any CPU
		{68873805-F865-492D-8853-82E6B4A85F46}.QA|iPhone.ActiveCfg = QA|Any CPU
		{68873805-F865-492D-8853-82E6B4A85F46}.QA|iPhone.Build.0 = QA|Any CPU
		{68873805-F865-492D-8853-82E6B4A85F46}.QA|iPhoneSimulator.ActiveCfg = QA|Any CPU
		{68873805-F865-492D-8853-82E6B4A85F46}.QA|iPhoneSimulator.Build.0 = QA|Any CPU
		{68873805-F865-492D-8853-82E6B4A85F46}.Release|Any CPU.ActiveCfg = Release|Any CPU
		{68873805-F865-492D-8853-82E6B4A85F46}.Release|Any CPU.Build.0 = Release|Any CPU
		{68873805-F865-492D-8853-82E6B4A85F46}.Release|iPhone.ActiveCfg = Release|Any CPU
		{68873805-F865-492D-8853-82E6B4A85F46}.Release|iPhone.Build.0 = Release|Any CPU
		{68873805-F865-492D-8853-82E6B4A85F46}.Release|iPhoneSimulator.ActiveCfg = Release|Any CPU
		{68873805-F865-492D-8853-82E6B4A85F46}.Release|iPhoneSimulator.Build.0 = Release|Any CPU
		{68873805-F865-492D-8853-82E6B4A85F46}.UAT|Any CPU.ActiveCfg = UAT|Any CPU
		{68873805-F865-492D-8853-82E6B4A85F46}.UAT|Any CPU.Build.0 = UAT|Any CPU
		{68873805-F865-492D-8853-82E6B4A85F46}.UAT|iPhone.ActiveCfg = UAT|Any CPU
		{68873805-F865-492D-8853-82E6B4A85F46}.UAT|iPhone.Build.0 = UAT|Any CPU
		{68873805-F865-492D-8853-82E6B4A85F46}.UAT|iPhoneSimulator.ActiveCfg = UAT|Any CPU
		{68873805-F865-492D-8853-82E6B4A85F46}.UAT|iPhoneSimulator.Build.0 = UAT|Any CPU
		{D0547A12-2163-46F8-B480-FDB8EB9A17B8}.Debug|Any CPU.ActiveCfg = Debug|Any CPU
		{D0547A12-2163-46F8-B480-FDB8EB9A17B8}.Debug|Any CPU.Build.0 = Debug|Any CPU
		{D0547A12-2163-46F8-B480-FDB8EB9A17B8}.Debug|iPhone.ActiveCfg = Debug|Any CPU
		{D0547A12-2163-46F8-B480-FDB8EB9A17B8}.Debug|iPhone.Build.0 = Debug|Any CPU
		{D0547A12-2163-46F8-B480-FDB8EB9A17B8}.Debug|iPhoneSimulator.ActiveCfg = Debug|Any CPU
		{D0547A12-2163-46F8-B480-FDB8EB9A17B8}.Debug|iPhoneSimulator.Build.0 = Debug|Any CPU
		{D0547A12-2163-46F8-B480-FDB8EB9A17B8}.INT|Any CPU.ActiveCfg = INT|Any CPU
		{D0547A12-2163-46F8-B480-FDB8EB9A17B8}.INT|Any CPU.Build.0 = INT|Any CPU
		{D0547A12-2163-46F8-B480-FDB8EB9A17B8}.INT|iPhone.ActiveCfg = INT|Any CPU
		{D0547A12-2163-46F8-B480-FDB8EB9A17B8}.INT|iPhone.Build.0 = INT|Any CPU
		{D0547A12-2163-46F8-B480-FDB8EB9A17B8}.INT|iPhoneSimulator.ActiveCfg = INT|Any CPU
		{D0547A12-2163-46F8-B480-FDB8EB9A17B8}.INT|iPhoneSimulator.Build.0 = INT|Any CPU
		{D0547A12-2163-46F8-B480-FDB8EB9A17B8}.IntegrationTest|Any CPU.ActiveCfg = IntegrationTest|Any CPU
		{D0547A12-2163-46F8-B480-FDB8EB9A17B8}.IntegrationTest|Any CPU.Build.0 = IntegrationTest|Any CPU
		{D0547A12-2163-46F8-B480-FDB8EB9A17B8}.IntegrationTest|iPhone.ActiveCfg = IntegrationTest|Any CPU
		{D0547A12-2163-46F8-B480-FDB8EB9A17B8}.IntegrationTest|iPhone.Build.0 = IntegrationTest|Any CPU
		{D0547A12-2163-46F8-B480-FDB8EB9A17B8}.IntegrationTest|iPhoneSimulator.ActiveCfg = IntegrationTest|Any CPU
		{D0547A12-2163-46F8-B480-FDB8EB9A17B8}.IntegrationTest|iPhoneSimulator.Build.0 = IntegrationTest|Any CPU
		{D0547A12-2163-46F8-B480-FDB8EB9A17B8}.PROD|Any CPU.ActiveCfg = PROD|Any CPU
		{D0547A12-2163-46F8-B480-FDB8EB9A17B8}.PROD|Any CPU.Build.0 = PROD|Any CPU
		{D0547A12-2163-46F8-B480-FDB8EB9A17B8}.PROD|iPhone.ActiveCfg = PROD|Any CPU
		{D0547A12-2163-46F8-B480-FDB8EB9A17B8}.PROD|iPhone.Build.0 = PROD|Any CPU
		{D0547A12-2163-46F8-B480-FDB8EB9A17B8}.PROD|iPhoneSimulator.ActiveCfg = PROD|Any CPU
		{D0547A12-2163-46F8-B480-FDB8EB9A17B8}.PROD|iPhoneSimulator.Build.0 = PROD|Any CPU
		{D0547A12-2163-46F8-B480-FDB8EB9A17B8}.QA|Any CPU.ActiveCfg = QA|Any CPU
		{D0547A12-2163-46F8-B480-FDB8EB9A17B8}.QA|Any CPU.Build.0 = QA|Any CPU
		{D0547A12-2163-46F8-B480-FDB8EB9A17B8}.QA|iPhone.ActiveCfg = QA|Any CPU
		{D0547A12-2163-46F8-B480-FDB8EB9A17B8}.QA|iPhone.Build.0 = QA|Any CPU
		{D0547A12-2163-46F8-B480-FDB8EB9A17B8}.QA|iPhoneSimulator.ActiveCfg = QA|Any CPU
		{D0547A12-2163-46F8-B480-FDB8EB9A17B8}.QA|iPhoneSimulator.Build.0 = QA|Any CPU
		{D0547A12-2163-46F8-B480-FDB8EB9A17B8}.Release|Any CPU.ActiveCfg = Release|Any CPU
		{D0547A12-2163-46F8-B480-FDB8EB9A17B8}.Release|Any CPU.Build.0 = Release|Any CPU
		{D0547A12-2163-46F8-B480-FDB8EB9A17B8}.Release|iPhone.ActiveCfg = Release|Any CPU
		{D0547A12-2163-46F8-B480-FDB8EB9A17B8}.Release|iPhone.Build.0 = Release|Any CPU
		{D0547A12-2163-46F8-B480-FDB8EB9A17B8}.Release|iPhoneSimulator.ActiveCfg = Release|Any CPU
		{D0547A12-2163-46F8-B480-FDB8EB9A17B8}.Release|iPhoneSimulator.Build.0 = Release|Any CPU
		{D0547A12-2163-46F8-B480-FDB8EB9A17B8}.UAT|Any CPU.ActiveCfg = UAT|Any CPU
		{D0547A12-2163-46F8-B480-FDB8EB9A17B8}.UAT|Any CPU.Build.0 = UAT|Any CPU
		{D0547A12-2163-46F8-B480-FDB8EB9A17B8}.UAT|iPhone.ActiveCfg = UAT|Any CPU
		{D0547A12-2163-46F8-B480-FDB8EB9A17B8}.UAT|iPhone.Build.0 = UAT|Any CPU
		{D0547A12-2163-46F8-B480-FDB8EB9A17B8}.UAT|iPhoneSimulator.ActiveCfg = UAT|Any CPU
		{D0547A12-2163-46F8-B480-FDB8EB9A17B8}.UAT|iPhoneSimulator.Build.0 = UAT|Any CPU
		{F85D76BD-8917-4153-8729-079ED0B80E82}.Debug|Any CPU.ActiveCfg = Debug|Any CPU
		{F85D76BD-8917-4153-8729-079ED0B80E82}.Debug|Any CPU.Build.0 = Debug|Any CPU
		{F85D76BD-8917-4153-8729-079ED0B80E82}.Debug|iPhone.ActiveCfg = Debug|Any CPU
		{F85D76BD-8917-4153-8729-079ED0B80E82}.Debug|iPhone.Build.0 = Debug|Any CPU
		{F85D76BD-8917-4153-8729-079ED0B80E82}.Debug|iPhoneSimulator.ActiveCfg = Debug|Any CPU
		{F85D76BD-8917-4153-8729-079ED0B80E82}.Debug|iPhoneSimulator.Build.0 = Debug|Any CPU
		{F85D76BD-8917-4153-8729-079ED0B80E82}.INT|Any CPU.ActiveCfg = INT|Any CPU
		{F85D76BD-8917-4153-8729-079ED0B80E82}.INT|Any CPU.Build.0 = INT|Any CPU
		{F85D76BD-8917-4153-8729-079ED0B80E82}.INT|iPhone.ActiveCfg = INT|Any CPU
		{F85D76BD-8917-4153-8729-079ED0B80E82}.INT|iPhone.Build.0 = INT|Any CPU
		{F85D76BD-8917-4153-8729-079ED0B80E82}.INT|iPhoneSimulator.ActiveCfg = INT|Any CPU
		{F85D76BD-8917-4153-8729-079ED0B80E82}.INT|iPhoneSimulator.Build.0 = INT|Any CPU
		{F85D76BD-8917-4153-8729-079ED0B80E82}.IntegrationTest|Any CPU.ActiveCfg = IntegrationTest|Any CPU
		{F85D76BD-8917-4153-8729-079ED0B80E82}.IntegrationTest|Any CPU.Build.0 = IntegrationTest|Any CPU
		{F85D76BD-8917-4153-8729-079ED0B80E82}.IntegrationTest|iPhone.ActiveCfg = IntegrationTest|Any CPU
		{F85D76BD-8917-4153-8729-079ED0B80E82}.IntegrationTest|iPhone.Build.0 = IntegrationTest|Any CPU
		{F85D76BD-8917-4153-8729-079ED0B80E82}.IntegrationTest|iPhoneSimulator.ActiveCfg = IntegrationTest|Any CPU
		{F85D76BD-8917-4153-8729-079ED0B80E82}.IntegrationTest|iPhoneSimulator.Build.0 = IntegrationTest|Any CPU
		{F85D76BD-8917-4153-8729-079ED0B80E82}.PROD|Any CPU.ActiveCfg = PROD|Any CPU
		{F85D76BD-8917-4153-8729-079ED0B80E82}.PROD|Any CPU.Build.0 = PROD|Any CPU
		{F85D76BD-8917-4153-8729-079ED0B80E82}.PROD|iPhone.ActiveCfg = PROD|Any CPU
		{F85D76BD-8917-4153-8729-079ED0B80E82}.PROD|iPhone.Build.0 = PROD|Any CPU
		{F85D76BD-8917-4153-8729-079ED0B80E82}.PROD|iPhoneSimulator.ActiveCfg = PROD|Any CPU
		{F85D76BD-8917-4153-8729-079ED0B80E82}.PROD|iPhoneSimulator.Build.0 = PROD|Any CPU
		{F85D76BD-8917-4153-8729-079ED0B80E82}.QA|Any CPU.ActiveCfg = QA|Any CPU
		{F85D76BD-8917-4153-8729-079ED0B80E82}.QA|Any CPU.Build.0 = QA|Any CPU
		{F85D76BD-8917-4153-8729-079ED0B80E82}.QA|iPhone.ActiveCfg = QA|Any CPU
		{F85D76BD-8917-4153-8729-079ED0B80E82}.QA|iPhone.Build.0 = QA|Any CPU
		{F85D76BD-8917-4153-8729-079ED0B80E82}.QA|iPhoneSimulator.ActiveCfg = QA|Any CPU
		{F85D76BD-8917-4153-8729-079ED0B80E82}.QA|iPhoneSimulator.Build.0 = QA|Any CPU
		{F85D76BD-8917-4153-8729-079ED0B80E82}.Release|Any CPU.ActiveCfg = Release|Any CPU
		{F85D76BD-8917-4153-8729-079ED0B80E82}.Release|Any CPU.Build.0 = Release|Any CPU
		{F85D76BD-8917-4153-8729-079ED0B80E82}.Release|iPhone.ActiveCfg = Release|Any CPU
		{F85D76BD-8917-4153-8729-079ED0B80E82}.Release|iPhone.Build.0 = Release|Any CPU
		{F85D76BD-8917-4153-8729-079ED0B80E82}.Release|iPhoneSimulator.ActiveCfg = Release|Any CPU
		{F85D76BD-8917-4153-8729-079ED0B80E82}.Release|iPhoneSimulator.Build.0 = Release|Any CPU
		{F85D76BD-8917-4153-8729-079ED0B80E82}.UAT|Any CPU.ActiveCfg = UAT|Any CPU
		{F85D76BD-8917-4153-8729-079ED0B80E82}.UAT|Any CPU.Build.0 = UAT|Any CPU
		{F85D76BD-8917-4153-8729-079ED0B80E82}.UAT|iPhone.ActiveCfg = UAT|Any CPU
		{F85D76BD-8917-4153-8729-079ED0B80E82}.UAT|iPhone.Build.0 = UAT|Any CPU
		{F85D76BD-8917-4153-8729-079ED0B80E82}.UAT|iPhoneSimulator.ActiveCfg = UAT|Any CPU
		{F85D76BD-8917-4153-8729-079ED0B80E82}.UAT|iPhoneSimulator.Build.0 = UAT|Any CPU
		{91DED369-ED7E-4DC2-88D3-F00539D3C4CF}.Debug|Any CPU.ActiveCfg = Debug|Any CPU
		{91DED369-ED7E-4DC2-88D3-F00539D3C4CF}.Debug|Any CPU.Build.0 = Debug|Any CPU
		{91DED369-ED7E-4DC2-88D3-F00539D3C4CF}.Debug|iPhone.ActiveCfg = Debug|Any CPU
		{91DED369-ED7E-4DC2-88D3-F00539D3C4CF}.Debug|iPhone.Build.0 = Debug|Any CPU
		{91DED369-ED7E-4DC2-88D3-F00539D3C4CF}.Debug|iPhoneSimulator.ActiveCfg = Debug|Any CPU
		{91DED369-ED7E-4DC2-88D3-F00539D3C4CF}.Debug|iPhoneSimulator.Build.0 = Debug|Any CPU
		{91DED369-ED7E-4DC2-88D3-F00539D3C4CF}.INT|Any CPU.ActiveCfg = INT|Any CPU
		{91DED369-ED7E-4DC2-88D3-F00539D3C4CF}.INT|Any CPU.Build.0 = INT|Any CPU
		{91DED369-ED7E-4DC2-88D3-F00539D3C4CF}.INT|iPhone.ActiveCfg = INT|Any CPU
		{91DED369-ED7E-4DC2-88D3-F00539D3C4CF}.INT|iPhone.Build.0 = INT|Any CPU
		{91DED369-ED7E-4DC2-88D3-F00539D3C4CF}.INT|iPhoneSimulator.ActiveCfg = INT|Any CPU
		{91DED369-ED7E-4DC2-88D3-F00539D3C4CF}.INT|iPhoneSimulator.Build.0 = INT|Any CPU
		{91DED369-ED7E-4DC2-88D3-F00539D3C4CF}.IntegrationTest|Any CPU.ActiveCfg = IntegrationTest|Any CPU
		{91DED369-ED7E-4DC2-88D3-F00539D3C4CF}.IntegrationTest|Any CPU.Build.0 = IntegrationTest|Any CPU
		{91DED369-ED7E-4DC2-88D3-F00539D3C4CF}.IntegrationTest|iPhone.ActiveCfg = IntegrationTest|Any CPU
		{91DED369-ED7E-4DC2-88D3-F00539D3C4CF}.IntegrationTest|iPhone.Build.0 = IntegrationTest|Any CPU
		{91DED369-ED7E-4DC2-88D3-F00539D3C4CF}.IntegrationTest|iPhoneSimulator.ActiveCfg = IntegrationTest|Any CPU
		{91DED369-ED7E-4DC2-88D3-F00539D3C4CF}.IntegrationTest|iPhoneSimulator.Build.0 = IntegrationTest|Any CPU
		{91DED369-ED7E-4DC2-88D3-F00539D3C4CF}.PROD|Any CPU.ActiveCfg = PROD|Any CPU
		{91DED369-ED7E-4DC2-88D3-F00539D3C4CF}.PROD|Any CPU.Build.0 = PROD|Any CPU
		{91DED369-ED7E-4DC2-88D3-F00539D3C4CF}.PROD|iPhone.ActiveCfg = PROD|Any CPU
		{91DED369-ED7E-4DC2-88D3-F00539D3C4CF}.PROD|iPhone.Build.0 = PROD|Any CPU
		{91DED369-ED7E-4DC2-88D3-F00539D3C4CF}.PROD|iPhoneSimulator.ActiveCfg = PROD|Any CPU
		{91DED369-ED7E-4DC2-88D3-F00539D3C4CF}.PROD|iPhoneSimulator.Build.0 = PROD|Any CPU
		{91DED369-ED7E-4DC2-88D3-F00539D3C4CF}.QA|Any CPU.ActiveCfg = QA|Any CPU
		{91DED369-ED7E-4DC2-88D3-F00539D3C4CF}.QA|Any CPU.Build.0 = QA|Any CPU
		{91DED369-ED7E-4DC2-88D3-F00539D3C4CF}.QA|iPhone.ActiveCfg = QA|Any CPU
		{91DED369-ED7E-4DC2-88D3-F00539D3C4CF}.QA|iPhone.Build.0 = QA|Any CPU
		{91DED369-ED7E-4DC2-88D3-F00539D3C4CF}.QA|iPhoneSimulator.ActiveCfg = QA|Any CPU
		{91DED369-ED7E-4DC2-88D3-F00539D3C4CF}.QA|iPhoneSimulator.Build.0 = QA|Any CPU
		{91DED369-ED7E-4DC2-88D3-F00539D3C4CF}.Release|Any CPU.ActiveCfg = Release|Any CPU
		{91DED369-ED7E-4DC2-88D3-F00539D3C4CF}.Release|Any CPU.Build.0 = Release|Any CPU
		{91DED369-ED7E-4DC2-88D3-F00539D3C4CF}.Release|iPhone.ActiveCfg = Release|Any CPU
		{91DED369-ED7E-4DC2-88D3-F00539D3C4CF}.Release|iPhone.Build.0 = Release|Any CPU
		{91DED369-ED7E-4DC2-88D3-F00539D3C4CF}.Release|iPhoneSimulator.ActiveCfg = Release|Any CPU
		{91DED369-ED7E-4DC2-88D3-F00539D3C4CF}.Release|iPhoneSimulator.Build.0 = Release|Any CPU
		{91DED369-ED7E-4DC2-88D3-F00539D3C4CF}.UAT|Any CPU.ActiveCfg = UAT|Any CPU
		{91DED369-ED7E-4DC2-88D3-F00539D3C4CF}.UAT|Any CPU.Build.0 = UAT|Any CPU
		{91DED369-ED7E-4DC2-88D3-F00539D3C4CF}.UAT|iPhone.ActiveCfg = UAT|Any CPU
		{91DED369-ED7E-4DC2-88D3-F00539D3C4CF}.UAT|iPhone.Build.0 = UAT|Any CPU
		{91DED369-ED7E-4DC2-88D3-F00539D3C4CF}.UAT|iPhoneSimulator.ActiveCfg = UAT|Any CPU
		{91DED369-ED7E-4DC2-88D3-F00539D3C4CF}.UAT|iPhoneSimulator.Build.0 = UAT|Any CPU
		{1C0C1250-6E85-4992-AB54-47D0A9CFDB91}.Debug|Any CPU.ActiveCfg = Debug|Any CPU
		{1C0C1250-6E85-4992-AB54-47D0A9CFDB91}.Debug|Any CPU.Build.0 = Debug|Any CPU
		{1C0C1250-6E85-4992-AB54-47D0A9CFDB91}.Debug|iPhone.ActiveCfg = Debug|Any CPU
		{1C0C1250-6E85-4992-AB54-47D0A9CFDB91}.Debug|iPhone.Build.0 = Debug|Any CPU
		{1C0C1250-6E85-4992-AB54-47D0A9CFDB91}.Debug|iPhoneSimulator.ActiveCfg = Debug|Any CPU
		{1C0C1250-6E85-4992-AB54-47D0A9CFDB91}.Debug|iPhoneSimulator.Build.0 = Debug|Any CPU
		{1C0C1250-6E85-4992-AB54-47D0A9CFDB91}.INT|Any CPU.ActiveCfg = INT|Any CPU
		{1C0C1250-6E85-4992-AB54-47D0A9CFDB91}.INT|Any CPU.Build.0 = INT|Any CPU
		{1C0C1250-6E85-4992-AB54-47D0A9CFDB91}.INT|iPhone.ActiveCfg = INT|Any CPU
		{1C0C1250-6E85-4992-AB54-47D0A9CFDB91}.INT|iPhone.Build.0 = INT|Any CPU
		{1C0C1250-6E85-4992-AB54-47D0A9CFDB91}.INT|iPhoneSimulator.ActiveCfg = INT|Any CPU
		{1C0C1250-6E85-4992-AB54-47D0A9CFDB91}.INT|iPhoneSimulator.Build.0 = INT|Any CPU
		{1C0C1250-6E85-4992-AB54-47D0A9CFDB91}.IntegrationTest|Any CPU.ActiveCfg = IntegrationTest|Any CPU
		{1C0C1250-6E85-4992-AB54-47D0A9CFDB91}.IntegrationTest|Any CPU.Build.0 = IntegrationTest|Any CPU
		{1C0C1250-6E85-4992-AB54-47D0A9CFDB91}.IntegrationTest|iPhone.ActiveCfg = IntegrationTest|Any CPU
		{1C0C1250-6E85-4992-AB54-47D0A9CFDB91}.IntegrationTest|iPhone.Build.0 = IntegrationTest|Any CPU
		{1C0C1250-6E85-4992-AB54-47D0A9CFDB91}.IntegrationTest|iPhoneSimulator.ActiveCfg = IntegrationTest|Any CPU
		{1C0C1250-6E85-4992-AB54-47D0A9CFDB91}.IntegrationTest|iPhoneSimulator.Build.0 = IntegrationTest|Any CPU
		{1C0C1250-6E85-4992-AB54-47D0A9CFDB91}.PROD|Any CPU.ActiveCfg = PROD|Any CPU
		{1C0C1250-6E85-4992-AB54-47D0A9CFDB91}.PROD|Any CPU.Build.0 = PROD|Any CPU
		{1C0C1250-6E85-4992-AB54-47D0A9CFDB91}.PROD|iPhone.ActiveCfg = PROD|Any CPU
		{1C0C1250-6E85-4992-AB54-47D0A9CFDB91}.PROD|iPhone.Build.0 = PROD|Any CPU
		{1C0C1250-6E85-4992-AB54-47D0A9CFDB91}.PROD|iPhoneSimulator.ActiveCfg = PROD|Any CPU
		{1C0C1250-6E85-4992-AB54-47D0A9CFDB91}.PROD|iPhoneSimulator.Build.0 = PROD|Any CPU
		{1C0C1250-6E85-4992-AB54-47D0A9CFDB91}.QA|Any CPU.ActiveCfg = QA|Any CPU
		{1C0C1250-6E85-4992-AB54-47D0A9CFDB91}.QA|Any CPU.Build.0 = QA|Any CPU
		{1C0C1250-6E85-4992-AB54-47D0A9CFDB91}.QA|iPhone.ActiveCfg = QA|Any CPU
		{1C0C1250-6E85-4992-AB54-47D0A9CFDB91}.QA|iPhone.Build.0 = QA|Any CPU
		{1C0C1250-6E85-4992-AB54-47D0A9CFDB91}.QA|iPhoneSimulator.ActiveCfg = QA|Any CPU
		{1C0C1250-6E85-4992-AB54-47D0A9CFDB91}.QA|iPhoneSimulator.Build.0 = QA|Any CPU
		{1C0C1250-6E85-4992-AB54-47D0A9CFDB91}.Release|Any CPU.ActiveCfg = Release|Any CPU
		{1C0C1250-6E85-4992-AB54-47D0A9CFDB91}.Release|Any CPU.Build.0 = Release|Any CPU
		{1C0C1250-6E85-4992-AB54-47D0A9CFDB91}.Release|iPhone.ActiveCfg = Release|Any CPU
		{1C0C1250-6E85-4992-AB54-47D0A9CFDB91}.Release|iPhone.Build.0 = Release|Any CPU
		{1C0C1250-6E85-4992-AB54-47D0A9CFDB91}.Release|iPhoneSimulator.ActiveCfg = Release|Any CPU
		{1C0C1250-6E85-4992-AB54-47D0A9CFDB91}.Release|iPhoneSimulator.Build.0 = Release|Any CPU
		{1C0C1250-6E85-4992-AB54-47D0A9CFDB91}.UAT|Any CPU.ActiveCfg = UAT|Any CPU
		{1C0C1250-6E85-4992-AB54-47D0A9CFDB91}.UAT|Any CPU.Build.0 = UAT|Any CPU
		{1C0C1250-6E85-4992-AB54-47D0A9CFDB91}.UAT|iPhone.ActiveCfg = UAT|Any CPU
		{1C0C1250-6E85-4992-AB54-47D0A9CFDB91}.UAT|iPhone.Build.0 = UAT|Any CPU
		{1C0C1250-6E85-4992-AB54-47D0A9CFDB91}.UAT|iPhoneSimulator.ActiveCfg = UAT|Any CPU
		{1C0C1250-6E85-4992-AB54-47D0A9CFDB91}.UAT|iPhoneSimulator.Build.0 = UAT|Any CPU
		{EB6D1EEB-A553-4640-8C89-4CC50B46E10F}.Debug|Any CPU.ActiveCfg = Debug|Any CPU
		{EB6D1EEB-A553-4640-8C89-4CC50B46E10F}.Debug|Any CPU.Build.0 = Debug|Any CPU
		{EB6D1EEB-A553-4640-8C89-4CC50B46E10F}.Debug|iPhone.ActiveCfg = Debug|Any CPU
		{EB6D1EEB-A553-4640-8C89-4CC50B46E10F}.Debug|iPhone.Build.0 = Debug|Any CPU
		{EB6D1EEB-A553-4640-8C89-4CC50B46E10F}.Debug|iPhoneSimulator.ActiveCfg = Debug|Any CPU
		{EB6D1EEB-A553-4640-8C89-4CC50B46E10F}.Debug|iPhoneSimulator.Build.0 = Debug|Any CPU
		{EB6D1EEB-A553-4640-8C89-4CC50B46E10F}.INT|Any CPU.ActiveCfg = INT|Any CPU
		{EB6D1EEB-A553-4640-8C89-4CC50B46E10F}.INT|Any CPU.Build.0 = INT|Any CPU
		{EB6D1EEB-A553-4640-8C89-4CC50B46E10F}.INT|iPhone.ActiveCfg = INT|Any CPU
		{EB6D1EEB-A553-4640-8C89-4CC50B46E10F}.INT|iPhone.Build.0 = INT|Any CPU
		{EB6D1EEB-A553-4640-8C89-4CC50B46E10F}.INT|iPhoneSimulator.ActiveCfg = INT|Any CPU
		{EB6D1EEB-A553-4640-8C89-4CC50B46E10F}.INT|iPhoneSimulator.Build.0 = INT|Any CPU
		{EB6D1EEB-A553-4640-8C89-4CC50B46E10F}.IntegrationTest|Any CPU.ActiveCfg = IntegrationTest|Any CPU
		{EB6D1EEB-A553-4640-8C89-4CC50B46E10F}.IntegrationTest|Any CPU.Build.0 = IntegrationTest|Any CPU
		{EB6D1EEB-A553-4640-8C89-4CC50B46E10F}.IntegrationTest|iPhone.ActiveCfg = IntegrationTest|Any CPU
		{EB6D1EEB-A553-4640-8C89-4CC50B46E10F}.IntegrationTest|iPhone.Build.0 = IntegrationTest|Any CPU
		{EB6D1EEB-A553-4640-8C89-4CC50B46E10F}.IntegrationTest|iPhoneSimulator.ActiveCfg = IntegrationTest|Any CPU
		{EB6D1EEB-A553-4640-8C89-4CC50B46E10F}.IntegrationTest|iPhoneSimulator.Build.0 = IntegrationTest|Any CPU
		{EB6D1EEB-A553-4640-8C89-4CC50B46E10F}.PROD|Any CPU.ActiveCfg = PROD|Any CPU
		{EB6D1EEB-A553-4640-8C89-4CC50B46E10F}.PROD|Any CPU.Build.0 = PROD|Any CPU
		{EB6D1EEB-A553-4640-8C89-4CC50B46E10F}.PROD|iPhone.ActiveCfg = PROD|Any CPU
		{EB6D1EEB-A553-4640-8C89-4CC50B46E10F}.PROD|iPhone.Build.0 = PROD|Any CPU
		{EB6D1EEB-A553-4640-8C89-4CC50B46E10F}.PROD|iPhoneSimulator.ActiveCfg = PROD|Any CPU
		{EB6D1EEB-A553-4640-8C89-4CC50B46E10F}.PROD|iPhoneSimulator.Build.0 = PROD|Any CPU
		{EB6D1EEB-A553-4640-8C89-4CC50B46E10F}.QA|Any CPU.ActiveCfg = QA|Any CPU
		{EB6D1EEB-A553-4640-8C89-4CC50B46E10F}.QA|Any CPU.Build.0 = QA|Any CPU
		{EB6D1EEB-A553-4640-8C89-4CC50B46E10F}.QA|iPhone.ActiveCfg = QA|Any CPU
		{EB6D1EEB-A553-4640-8C89-4CC50B46E10F}.QA|iPhone.Build.0 = QA|Any CPU
		{EB6D1EEB-A553-4640-8C89-4CC50B46E10F}.QA|iPhoneSimulator.ActiveCfg = QA|Any CPU
		{EB6D1EEB-A553-4640-8C89-4CC50B46E10F}.QA|iPhoneSimulator.Build.0 = QA|Any CPU
		{EB6D1EEB-A553-4640-8C89-4CC50B46E10F}.Release|Any CPU.ActiveCfg = Release|Any CPU
		{EB6D1EEB-A553-4640-8C89-4CC50B46E10F}.Release|Any CPU.Build.0 = Release|Any CPU
		{EB6D1EEB-A553-4640-8C89-4CC50B46E10F}.Release|iPhone.ActiveCfg = Release|Any CPU
		{EB6D1EEB-A553-4640-8C89-4CC50B46E10F}.Release|iPhone.Build.0 = Release|Any CPU
		{EB6D1EEB-A553-4640-8C89-4CC50B46E10F}.Release|iPhoneSimulator.ActiveCfg = Release|Any CPU
		{EB6D1EEB-A553-4640-8C89-4CC50B46E10F}.Release|iPhoneSimulator.Build.0 = Release|Any CPU
		{EB6D1EEB-A553-4640-8C89-4CC50B46E10F}.UAT|Any CPU.ActiveCfg = UAT|Any CPU
		{EB6D1EEB-A553-4640-8C89-4CC50B46E10F}.UAT|Any CPU.Build.0 = UAT|Any CPU
		{EB6D1EEB-A553-4640-8C89-4CC50B46E10F}.UAT|iPhone.ActiveCfg = UAT|Any CPU
		{EB6D1EEB-A553-4640-8C89-4CC50B46E10F}.UAT|iPhone.Build.0 = UAT|Any CPU
		{EB6D1EEB-A553-4640-8C89-4CC50B46E10F}.UAT|iPhoneSimulator.ActiveCfg = UAT|Any CPU
		{EB6D1EEB-A553-4640-8C89-4CC50B46E10F}.UAT|iPhoneSimulator.Build.0 = UAT|Any CPU
		{29A46707-129F-452B-8E32-F8BDCF41877C}.Debug|Any CPU.ActiveCfg = Debug|Any CPU
		{29A46707-129F-452B-8E32-F8BDCF41877C}.Debug|Any CPU.Build.0 = Debug|Any CPU
		{29A46707-129F-452B-8E32-F8BDCF41877C}.Debug|iPhone.ActiveCfg = Debug|Any CPU
		{29A46707-129F-452B-8E32-F8BDCF41877C}.Debug|iPhone.Build.0 = Debug|Any CPU
		{29A46707-129F-452B-8E32-F8BDCF41877C}.Debug|iPhoneSimulator.ActiveCfg = Debug|Any CPU
		{29A46707-129F-452B-8E32-F8BDCF41877C}.Debug|iPhoneSimulator.Build.0 = Debug|Any CPU
		{29A46707-129F-452B-8E32-F8BDCF41877C}.INT|Any CPU.ActiveCfg = INT|Any CPU
		{29A46707-129F-452B-8E32-F8BDCF41877C}.INT|Any CPU.Build.0 = INT|Any CPU
		{29A46707-129F-452B-8E32-F8BDCF41877C}.INT|iPhone.ActiveCfg = INT|Any CPU
		{29A46707-129F-452B-8E32-F8BDCF41877C}.INT|iPhone.Build.0 = INT|Any CPU
		{29A46707-129F-452B-8E32-F8BDCF41877C}.INT|iPhoneSimulator.ActiveCfg = INT|Any CPU
		{29A46707-129F-452B-8E32-F8BDCF41877C}.INT|iPhoneSimulator.Build.0 = INT|Any CPU
		{29A46707-129F-452B-8E32-F8BDCF41877C}.IntegrationTest|Any CPU.ActiveCfg = IntegrationTest|Any CPU
		{29A46707-129F-452B-8E32-F8BDCF41877C}.IntegrationTest|Any CPU.Build.0 = IntegrationTest|Any CPU
		{29A46707-129F-452B-8E32-F8BDCF41877C}.IntegrationTest|iPhone.ActiveCfg = IntegrationTest|Any CPU
		{29A46707-129F-452B-8E32-F8BDCF41877C}.IntegrationTest|iPhone.Build.0 = IntegrationTest|Any CPU
		{29A46707-129F-452B-8E32-F8BDCF41877C}.IntegrationTest|iPhoneSimulator.ActiveCfg = IntegrationTest|Any CPU
		{29A46707-129F-452B-8E32-F8BDCF41877C}.IntegrationTest|iPhoneSimulator.Build.0 = IntegrationTest|Any CPU
		{29A46707-129F-452B-8E32-F8BDCF41877C}.PROD|Any CPU.ActiveCfg = PROD|Any CPU
		{29A46707-129F-452B-8E32-F8BDCF41877C}.PROD|Any CPU.Build.0 = PROD|Any CPU
		{29A46707-129F-452B-8E32-F8BDCF41877C}.PROD|iPhone.ActiveCfg = PROD|Any CPU
		{29A46707-129F-452B-8E32-F8BDCF41877C}.PROD|iPhone.Build.0 = PROD|Any CPU
		{29A46707-129F-452B-8E32-F8BDCF41877C}.PROD|iPhoneSimulator.ActiveCfg = PROD|Any CPU
		{29A46707-129F-452B-8E32-F8BDCF41877C}.PROD|iPhoneSimulator.Build.0 = PROD|Any CPU
		{29A46707-129F-452B-8E32-F8BDCF41877C}.QA|Any CPU.ActiveCfg = QA|Any CPU
		{29A46707-129F-452B-8E32-F8BDCF41877C}.QA|Any CPU.Build.0 = QA|Any CPU
		{29A46707-129F-452B-8E32-F8BDCF41877C}.QA|iPhone.ActiveCfg = QA|Any CPU
		{29A46707-129F-452B-8E32-F8BDCF41877C}.QA|iPhone.Build.0 = QA|Any CPU
		{29A46707-129F-452B-8E32-F8BDCF41877C}.QA|iPhoneSimulator.ActiveCfg = QA|Any CPU
		{29A46707-129F-452B-8E32-F8BDCF41877C}.QA|iPhoneSimulator.Build.0 = QA|Any CPU
		{29A46707-129F-452B-8E32-F8BDCF41877C}.Release|Any CPU.ActiveCfg = Release|Any CPU
		{29A46707-129F-452B-8E32-F8BDCF41877C}.Release|Any CPU.Build.0 = Release|Any CPU
		{29A46707-129F-452B-8E32-F8BDCF41877C}.Release|iPhone.ActiveCfg = Release|Any CPU
		{29A46707-129F-452B-8E32-F8BDCF41877C}.Release|iPhone.Build.0 = Release|Any CPU
		{29A46707-129F-452B-8E32-F8BDCF41877C}.Release|iPhoneSimulator.ActiveCfg = Release|Any CPU
		{29A46707-129F-452B-8E32-F8BDCF41877C}.Release|iPhoneSimulator.Build.0 = Release|Any CPU
		{29A46707-129F-452B-8E32-F8BDCF41877C}.UAT|Any CPU.ActiveCfg = UAT|Any CPU
		{29A46707-129F-452B-8E32-F8BDCF41877C}.UAT|Any CPU.Build.0 = UAT|Any CPU
		{29A46707-129F-452B-8E32-F8BDCF41877C}.UAT|iPhone.ActiveCfg = UAT|Any CPU
		{29A46707-129F-452B-8E32-F8BDCF41877C}.UAT|iPhone.Build.0 = UAT|Any CPU
		{29A46707-129F-452B-8E32-F8BDCF41877C}.UAT|iPhoneSimulator.ActiveCfg = UAT|Any CPU
		{29A46707-129F-452B-8E32-F8BDCF41877C}.UAT|iPhoneSimulator.Build.0 = UAT|Any CPU
		{03F63D8D-4D56-4B94-9F87-7E1EFB9B384E}.Debug|Any CPU.ActiveCfg = Debug|Any CPU
		{03F63D8D-4D56-4B94-9F87-7E1EFB9B384E}.Debug|Any CPU.Build.0 = Debug|Any CPU
		{03F63D8D-4D56-4B94-9F87-7E1EFB9B384E}.Debug|iPhone.ActiveCfg = Debug|Any CPU
		{03F63D8D-4D56-4B94-9F87-7E1EFB9B384E}.Debug|iPhone.Build.0 = Debug|Any CPU
		{03F63D8D-4D56-4B94-9F87-7E1EFB9B384E}.Debug|iPhoneSimulator.ActiveCfg = Debug|Any CPU
		{03F63D8D-4D56-4B94-9F87-7E1EFB9B384E}.Debug|iPhoneSimulator.Build.0 = Debug|Any CPU
		{03F63D8D-4D56-4B94-9F87-7E1EFB9B384E}.INT|Any CPU.ActiveCfg = INT|Any CPU
		{03F63D8D-4D56-4B94-9F87-7E1EFB9B384E}.INT|Any CPU.Build.0 = INT|Any CPU
		{03F63D8D-4D56-4B94-9F87-7E1EFB9B384E}.INT|iPhone.ActiveCfg = INT|Any CPU
		{03F63D8D-4D56-4B94-9F87-7E1EFB9B384E}.INT|iPhone.Build.0 = INT|Any CPU
		{03F63D8D-4D56-4B94-9F87-7E1EFB9B384E}.INT|iPhoneSimulator.ActiveCfg = INT|Any CPU
		{03F63D8D-4D56-4B94-9F87-7E1EFB9B384E}.INT|iPhoneSimulator.Build.0 = INT|Any CPU
		{03F63D8D-4D56-4B94-9F87-7E1EFB9B384E}.IntegrationTest|Any CPU.ActiveCfg = IntegrationTest|Any CPU
		{03F63D8D-4D56-4B94-9F87-7E1EFB9B384E}.IntegrationTest|Any CPU.Build.0 = IntegrationTest|Any CPU
		{03F63D8D-4D56-4B94-9F87-7E1EFB9B384E}.IntegrationTest|iPhone.ActiveCfg = IntegrationTest|Any CPU
		{03F63D8D-4D56-4B94-9F87-7E1EFB9B384E}.IntegrationTest|iPhone.Build.0 = IntegrationTest|Any CPU
		{03F63D8D-4D56-4B94-9F87-7E1EFB9B384E}.IntegrationTest|iPhoneSimulator.ActiveCfg = IntegrationTest|Any CPU
		{03F63D8D-4D56-4B94-9F87-7E1EFB9B384E}.IntegrationTest|iPhoneSimulator.Build.0 = IntegrationTest|Any CPU
		{03F63D8D-4D56-4B94-9F87-7E1EFB9B384E}.PROD|Any CPU.ActiveCfg = PROD|Any CPU
		{03F63D8D-4D56-4B94-9F87-7E1EFB9B384E}.PROD|Any CPU.Build.0 = PROD|Any CPU
		{03F63D8D-4D56-4B94-9F87-7E1EFB9B384E}.PROD|iPhone.ActiveCfg = PROD|Any CPU
		{03F63D8D-4D56-4B94-9F87-7E1EFB9B384E}.PROD|iPhone.Build.0 = PROD|Any CPU
		{03F63D8D-4D56-4B94-9F87-7E1EFB9B384E}.PROD|iPhoneSimulator.ActiveCfg = PROD|Any CPU
		{03F63D8D-4D56-4B94-9F87-7E1EFB9B384E}.PROD|iPhoneSimulator.Build.0 = PROD|Any CPU
		{03F63D8D-4D56-4B94-9F87-7E1EFB9B384E}.QA|Any CPU.ActiveCfg = QA|Any CPU
		{03F63D8D-4D56-4B94-9F87-7E1EFB9B384E}.QA|Any CPU.Build.0 = QA|Any CPU
		{03F63D8D-4D56-4B94-9F87-7E1EFB9B384E}.QA|iPhone.ActiveCfg = QA|Any CPU
		{03F63D8D-4D56-4B94-9F87-7E1EFB9B384E}.QA|iPhone.Build.0 = QA|Any CPU
		{03F63D8D-4D56-4B94-9F87-7E1EFB9B384E}.QA|iPhoneSimulator.ActiveCfg = QA|Any CPU
		{03F63D8D-4D56-4B94-9F87-7E1EFB9B384E}.QA|iPhoneSimulator.Build.0 = QA|Any CPU
		{03F63D8D-4D56-4B94-9F87-7E1EFB9B384E}.Release|Any CPU.ActiveCfg = Release|Any CPU
		{03F63D8D-4D56-4B94-9F87-7E1EFB9B384E}.Release|Any CPU.Build.0 = Release|Any CPU
		{03F63D8D-4D56-4B94-9F87-7E1EFB9B384E}.Release|iPhone.ActiveCfg = Release|Any CPU
		{03F63D8D-4D56-4B94-9F87-7E1EFB9B384E}.Release|iPhone.Build.0 = Release|Any CPU
		{03F63D8D-4D56-4B94-9F87-7E1EFB9B384E}.Release|iPhoneSimulator.ActiveCfg = Release|Any CPU
		{03F63D8D-4D56-4B94-9F87-7E1EFB9B384E}.Release|iPhoneSimulator.Build.0 = Release|Any CPU
		{03F63D8D-4D56-4B94-9F87-7E1EFB9B384E}.UAT|Any CPU.ActiveCfg = UAT|Any CPU
		{03F63D8D-4D56-4B94-9F87-7E1EFB9B384E}.UAT|Any CPU.Build.0 = UAT|Any CPU
		{03F63D8D-4D56-4B94-9F87-7E1EFB9B384E}.UAT|iPhone.ActiveCfg = UAT|Any CPU
		{03F63D8D-4D56-4B94-9F87-7E1EFB9B384E}.UAT|iPhone.Build.0 = UAT|Any CPU
		{03F63D8D-4D56-4B94-9F87-7E1EFB9B384E}.UAT|iPhoneSimulator.ActiveCfg = UAT|Any CPU
		{03F63D8D-4D56-4B94-9F87-7E1EFB9B384E}.UAT|iPhoneSimulator.Build.0 = UAT|Any CPU
		{EA729D27-35E5-4AF6-969B-5CE5064B47EC}.Debug|Any CPU.ActiveCfg = Debug|Any CPU
		{EA729D27-35E5-4AF6-969B-5CE5064B47EC}.Debug|Any CPU.Build.0 = Debug|Any CPU
		{EA729D27-35E5-4AF6-969B-5CE5064B47EC}.Debug|iPhone.ActiveCfg = Debug|Any CPU
		{EA729D27-35E5-4AF6-969B-5CE5064B47EC}.Debug|iPhone.Build.0 = Debug|Any CPU
		{EA729D27-35E5-4AF6-969B-5CE5064B47EC}.Debug|iPhoneSimulator.ActiveCfg = Debug|Any CPU
		{EA729D27-35E5-4AF6-969B-5CE5064B47EC}.Debug|iPhoneSimulator.Build.0 = Debug|Any CPU
		{EA729D27-35E5-4AF6-969B-5CE5064B47EC}.INT|Any CPU.ActiveCfg = INT|Any CPU
		{EA729D27-35E5-4AF6-969B-5CE5064B47EC}.INT|Any CPU.Build.0 = INT|Any CPU
		{EA729D27-35E5-4AF6-969B-5CE5064B47EC}.INT|iPhone.ActiveCfg = INT|Any CPU
		{EA729D27-35E5-4AF6-969B-5CE5064B47EC}.INT|iPhone.Build.0 = INT|Any CPU
		{EA729D27-35E5-4AF6-969B-5CE5064B47EC}.INT|iPhoneSimulator.ActiveCfg = INT|Any CPU
		{EA729D27-35E5-4AF6-969B-5CE5064B47EC}.INT|iPhoneSimulator.Build.0 = INT|Any CPU
		{EA729D27-35E5-4AF6-969B-5CE5064B47EC}.IntegrationTest|Any CPU.ActiveCfg = IntegrationTest|Any CPU
		{EA729D27-35E5-4AF6-969B-5CE5064B47EC}.IntegrationTest|Any CPU.Build.0 = IntegrationTest|Any CPU
		{EA729D27-35E5-4AF6-969B-5CE5064B47EC}.IntegrationTest|iPhone.ActiveCfg = IntegrationTest|Any CPU
		{EA729D27-35E5-4AF6-969B-5CE5064B47EC}.IntegrationTest|iPhone.Build.0 = IntegrationTest|Any CPU
		{EA729D27-35E5-4AF6-969B-5CE5064B47EC}.IntegrationTest|iPhoneSimulator.ActiveCfg = IntegrationTest|Any CPU
		{EA729D27-35E5-4AF6-969B-5CE5064B47EC}.IntegrationTest|iPhoneSimulator.Build.0 = IntegrationTest|Any CPU
		{EA729D27-35E5-4AF6-969B-5CE5064B47EC}.PROD|Any CPU.ActiveCfg = PROD|Any CPU
		{EA729D27-35E5-4AF6-969B-5CE5064B47EC}.PROD|Any CPU.Build.0 = PROD|Any CPU
		{EA729D27-35E5-4AF6-969B-5CE5064B47EC}.PROD|iPhone.ActiveCfg = PROD|Any CPU
		{EA729D27-35E5-4AF6-969B-5CE5064B47EC}.PROD|iPhone.Build.0 = PROD|Any CPU
		{EA729D27-35E5-4AF6-969B-5CE5064B47EC}.PROD|iPhoneSimulator.ActiveCfg = PROD|Any CPU
		{EA729D27-35E5-4AF6-969B-5CE5064B47EC}.PROD|iPhoneSimulator.Build.0 = PROD|Any CPU
		{EA729D27-35E5-4AF6-969B-5CE5064B47EC}.QA|Any CPU.ActiveCfg = QA|Any CPU
		{EA729D27-35E5-4AF6-969B-5CE5064B47EC}.QA|Any CPU.Build.0 = QA|Any CPU
		{EA729D27-35E5-4AF6-969B-5CE5064B47EC}.QA|iPhone.ActiveCfg = QA|Any CPU
		{EA729D27-35E5-4AF6-969B-5CE5064B47EC}.QA|iPhone.Build.0 = QA|Any CPU
		{EA729D27-35E5-4AF6-969B-5CE5064B47EC}.QA|iPhoneSimulator.ActiveCfg = QA|Any CPU
		{EA729D27-35E5-4AF6-969B-5CE5064B47EC}.QA|iPhoneSimulator.Build.0 = QA|Any CPU
		{EA729D27-35E5-4AF6-969B-5CE5064B47EC}.Release|Any CPU.ActiveCfg = Release|Any CPU
		{EA729D27-35E5-4AF6-969B-5CE5064B47EC}.Release|Any CPU.Build.0 = Release|Any CPU
		{EA729D27-35E5-4AF6-969B-5CE5064B47EC}.Release|iPhone.ActiveCfg = Release|Any CPU
		{EA729D27-35E5-4AF6-969B-5CE5064B47EC}.Release|iPhone.Build.0 = Release|Any CPU
		{EA729D27-35E5-4AF6-969B-5CE5064B47EC}.Release|iPhoneSimulator.ActiveCfg = Release|Any CPU
		{EA729D27-35E5-4AF6-969B-5CE5064B47EC}.Release|iPhoneSimulator.Build.0 = Release|Any CPU
		{EA729D27-35E5-4AF6-969B-5CE5064B47EC}.UAT|Any CPU.ActiveCfg = UAT|Any CPU
		{EA729D27-35E5-4AF6-969B-5CE5064B47EC}.UAT|Any CPU.Build.0 = UAT|Any CPU
		{EA729D27-35E5-4AF6-969B-5CE5064B47EC}.UAT|iPhone.ActiveCfg = UAT|Any CPU
		{EA729D27-35E5-4AF6-969B-5CE5064B47EC}.UAT|iPhone.Build.0 = UAT|Any CPU
		{EA729D27-35E5-4AF6-969B-5CE5064B47EC}.UAT|iPhoneSimulator.ActiveCfg = UAT|Any CPU
		{EA729D27-35E5-4AF6-969B-5CE5064B47EC}.UAT|iPhoneSimulator.Build.0 = UAT|Any CPU
		{9E39E446-D64B-4AD3-A1E9-6F2E572FCB56}.Debug|Any CPU.ActiveCfg = Debug|Any CPU
		{9E39E446-D64B-4AD3-A1E9-6F2E572FCB56}.Debug|Any CPU.Build.0 = Debug|Any CPU
		{9E39E446-D64B-4AD3-A1E9-6F2E572FCB56}.Debug|iPhone.ActiveCfg = Debug|Any CPU
		{9E39E446-D64B-4AD3-A1E9-6F2E572FCB56}.Debug|iPhone.Build.0 = Debug|Any CPU
		{9E39E446-D64B-4AD3-A1E9-6F2E572FCB56}.Debug|iPhoneSimulator.ActiveCfg = Debug|Any CPU
		{9E39E446-D64B-4AD3-A1E9-6F2E572FCB56}.Debug|iPhoneSimulator.Build.0 = Debug|Any CPU
		{9E39E446-D64B-4AD3-A1E9-6F2E572FCB56}.INT|Any CPU.ActiveCfg = INT|Any CPU
		{9E39E446-D64B-4AD3-A1E9-6F2E572FCB56}.INT|Any CPU.Build.0 = INT|Any CPU
		{9E39E446-D64B-4AD3-A1E9-6F2E572FCB56}.INT|iPhone.ActiveCfg = INT|Any CPU
		{9E39E446-D64B-4AD3-A1E9-6F2E572FCB56}.INT|iPhone.Build.0 = INT|Any CPU
		{9E39E446-D64B-4AD3-A1E9-6F2E572FCB56}.INT|iPhoneSimulator.ActiveCfg = INT|Any CPU
		{9E39E446-D64B-4AD3-A1E9-6F2E572FCB56}.INT|iPhoneSimulator.Build.0 = INT|Any CPU
		{9E39E446-D64B-4AD3-A1E9-6F2E572FCB56}.IntegrationTest|Any CPU.ActiveCfg = IntegrationTest|Any CPU
		{9E39E446-D64B-4AD3-A1E9-6F2E572FCB56}.IntegrationTest|Any CPU.Build.0 = IntegrationTest|Any CPU
		{9E39E446-D64B-4AD3-A1E9-6F2E572FCB56}.IntegrationTest|iPhone.ActiveCfg = IntegrationTest|Any CPU
		{9E39E446-D64B-4AD3-A1E9-6F2E572FCB56}.IntegrationTest|iPhone.Build.0 = IntegrationTest|Any CPU
		{9E39E446-D64B-4AD3-A1E9-6F2E572FCB56}.IntegrationTest|iPhoneSimulator.ActiveCfg = IntegrationTest|Any CPU
		{9E39E446-D64B-4AD3-A1E9-6F2E572FCB56}.IntegrationTest|iPhoneSimulator.Build.0 = IntegrationTest|Any CPU
		{9E39E446-D64B-4AD3-A1E9-6F2E572FCB56}.PROD|Any CPU.ActiveCfg = PROD|Any CPU
		{9E39E446-D64B-4AD3-A1E9-6F2E572FCB56}.PROD|Any CPU.Build.0 = PROD|Any CPU
		{9E39E446-D64B-4AD3-A1E9-6F2E572FCB56}.PROD|iPhone.ActiveCfg = PROD|Any CPU
		{9E39E446-D64B-4AD3-A1E9-6F2E572FCB56}.PROD|iPhone.Build.0 = PROD|Any CPU
		{9E39E446-D64B-4AD3-A1E9-6F2E572FCB56}.PROD|iPhoneSimulator.ActiveCfg = PROD|Any CPU
		{9E39E446-D64B-4AD3-A1E9-6F2E572FCB56}.PROD|iPhoneSimulator.Build.0 = PROD|Any CPU
		{9E39E446-D64B-4AD3-A1E9-6F2E572FCB56}.QA|Any CPU.ActiveCfg = QA|Any CPU
		{9E39E446-D64B-4AD3-A1E9-6F2E572FCB56}.QA|Any CPU.Build.0 = QA|Any CPU
		{9E39E446-D64B-4AD3-A1E9-6F2E572FCB56}.QA|iPhone.ActiveCfg = QA|Any CPU
		{9E39E446-D64B-4AD3-A1E9-6F2E572FCB56}.QA|iPhone.Build.0 = QA|Any CPU
		{9E39E446-D64B-4AD3-A1E9-6F2E572FCB56}.QA|iPhoneSimulator.ActiveCfg = QA|Any CPU
		{9E39E446-D64B-4AD3-A1E9-6F2E572FCB56}.QA|iPhoneSimulator.Build.0 = QA|Any CPU
		{9E39E446-D64B-4AD3-A1E9-6F2E572FCB56}.Release|Any CPU.ActiveCfg = Release|Any CPU
		{9E39E446-D64B-4AD3-A1E9-6F2E572FCB56}.Release|Any CPU.Build.0 = Release|Any CPU
		{9E39E446-D64B-4AD3-A1E9-6F2E572FCB56}.Release|iPhone.ActiveCfg = Release|Any CPU
		{9E39E446-D64B-4AD3-A1E9-6F2E572FCB56}.Release|iPhone.Build.0 = Release|Any CPU
		{9E39E446-D64B-4AD3-A1E9-6F2E572FCB56}.Release|iPhoneSimulator.ActiveCfg = Release|Any CPU
		{9E39E446-D64B-4AD3-A1E9-6F2E572FCB56}.Release|iPhoneSimulator.Build.0 = Release|Any CPU
		{9E39E446-D64B-4AD3-A1E9-6F2E572FCB56}.UAT|Any CPU.ActiveCfg = UAT|Any CPU
		{9E39E446-D64B-4AD3-A1E9-6F2E572FCB56}.UAT|Any CPU.Build.0 = UAT|Any CPU
		{9E39E446-D64B-4AD3-A1E9-6F2E572FCB56}.UAT|iPhone.ActiveCfg = UAT|Any CPU
		{9E39E446-D64B-4AD3-A1E9-6F2E572FCB56}.UAT|iPhone.Build.0 = UAT|Any CPU
		{9E39E446-D64B-4AD3-A1E9-6F2E572FCB56}.UAT|iPhoneSimulator.ActiveCfg = UAT|Any CPU
		{9E39E446-D64B-4AD3-A1E9-6F2E572FCB56}.UAT|iPhoneSimulator.Build.0 = UAT|Any CPU
		{2EECA880-A025-477B-BF65-5E7780A52B90}.Debug|Any CPU.ActiveCfg = Debug|Any CPU
		{2EECA880-A025-477B-BF65-5E7780A52B90}.Debug|Any CPU.Build.0 = Debug|Any CPU
		{2EECA880-A025-477B-BF65-5E7780A52B90}.Debug|iPhone.ActiveCfg = Debug|Any CPU
		{2EECA880-A025-477B-BF65-5E7780A52B90}.Debug|iPhone.Build.0 = Debug|Any CPU
		{2EECA880-A025-477B-BF65-5E7780A52B90}.Debug|iPhone.Deploy.0 = Debug|Any CPU
		{2EECA880-A025-477B-BF65-5E7780A52B90}.Debug|iPhoneSimulator.ActiveCfg = Debug|Any CPU
		{2EECA880-A025-477B-BF65-5E7780A52B90}.Debug|iPhoneSimulator.Build.0 = Debug|Any CPU
		{2EECA880-A025-477B-BF65-5E7780A52B90}.Debug|iPhoneSimulator.Deploy.0 = Debug|Any CPU
		{2EECA880-A025-477B-BF65-5E7780A52B90}.INT|Any CPU.ActiveCfg = Debug|Any CPU
		{2EECA880-A025-477B-BF65-5E7780A52B90}.INT|Any CPU.Build.0 = Debug|Any CPU
		{2EECA880-A025-477B-BF65-5E7780A52B90}.INT|Any CPU.Deploy.0 = Debug|Any CPU
		{2EECA880-A025-477B-BF65-5E7780A52B90}.INT|iPhone.ActiveCfg = IntegrationTest|Any CPU
		{2EECA880-A025-477B-BF65-5E7780A52B90}.INT|iPhone.Build.0 = IntegrationTest|Any CPU
		{2EECA880-A025-477B-BF65-5E7780A52B90}.INT|iPhone.Deploy.0 = IntegrationTest|Any CPU
		{2EECA880-A025-477B-BF65-5E7780A52B90}.INT|iPhoneSimulator.ActiveCfg = IntegrationTest|Any CPU
		{2EECA880-A025-477B-BF65-5E7780A52B90}.INT|iPhoneSimulator.Build.0 = IntegrationTest|Any CPU
		{2EECA880-A025-477B-BF65-5E7780A52B90}.INT|iPhoneSimulator.Deploy.0 = IntegrationTest|Any CPU
		{2EECA880-A025-477B-BF65-5E7780A52B90}.IntegrationTest|Any CPU.ActiveCfg = IntegrationTest|Any CPU
		{2EECA880-A025-477B-BF65-5E7780A52B90}.IntegrationTest|Any CPU.Build.0 = IntegrationTest|Any CPU
		{2EECA880-A025-477B-BF65-5E7780A52B90}.IntegrationTest|iPhone.ActiveCfg = IntegrationTest|Any CPU
		{2EECA880-A025-477B-BF65-5E7780A52B90}.IntegrationTest|iPhone.Build.0 = IntegrationTest|Any CPU
		{2EECA880-A025-477B-BF65-5E7780A52B90}.IntegrationTest|iPhone.Deploy.0 = IntegrationTest|Any CPU
		{2EECA880-A025-477B-BF65-5E7780A52B90}.IntegrationTest|iPhoneSimulator.ActiveCfg = IntegrationTest|Any CPU
		{2EECA880-A025-477B-BF65-5E7780A52B90}.IntegrationTest|iPhoneSimulator.Build.0 = IntegrationTest|Any CPU
		{2EECA880-A025-477B-BF65-5E7780A52B90}.IntegrationTest|iPhoneSimulator.Deploy.0 = IntegrationTest|Any CPU
		{2EECA880-A025-477B-BF65-5E7780A52B90}.PROD|Any CPU.ActiveCfg = Debug|Any CPU
		{2EECA880-A025-477B-BF65-5E7780A52B90}.PROD|Any CPU.Build.0 = Debug|Any CPU
		{2EECA880-A025-477B-BF65-5E7780A52B90}.PROD|Any CPU.Deploy.0 = Debug|Any CPU
		{2EECA880-A025-477B-BF65-5E7780A52B90}.PROD|iPhone.ActiveCfg = Release|Any CPU
		{2EECA880-A025-477B-BF65-5E7780A52B90}.PROD|iPhone.Build.0 = Release|Any CPU
		{2EECA880-A025-477B-BF65-5E7780A52B90}.PROD|iPhone.Deploy.0 = Release|Any CPU
		{2EECA880-A025-477B-BF65-5E7780A52B90}.PROD|iPhoneSimulator.ActiveCfg = Release|Any CPU
		{2EECA880-A025-477B-BF65-5E7780A52B90}.PROD|iPhoneSimulator.Build.0 = Release|Any CPU
		{2EECA880-A025-477B-BF65-5E7780A52B90}.PROD|iPhoneSimulator.Deploy.0 = Release|Any CPU
		{2EECA880-A025-477B-BF65-5E7780A52B90}.QA|Any CPU.ActiveCfg = Debug|Any CPU
		{2EECA880-A025-477B-BF65-5E7780A52B90}.QA|Any CPU.Build.0 = Debug|Any CPU
		{2EECA880-A025-477B-BF65-5E7780A52B90}.QA|Any CPU.Deploy.0 = Debug|Any CPU
		{2EECA880-A025-477B-BF65-5E7780A52B90}.QA|iPhone.ActiveCfg = Release|Any CPU
		{2EECA880-A025-477B-BF65-5E7780A52B90}.QA|iPhone.Build.0 = Release|Any CPU
		{2EECA880-A025-477B-BF65-5E7780A52B90}.QA|iPhone.Deploy.0 = Release|Any CPU
		{2EECA880-A025-477B-BF65-5E7780A52B90}.QA|iPhoneSimulator.ActiveCfg = Release|Any CPU
		{2EECA880-A025-477B-BF65-5E7780A52B90}.QA|iPhoneSimulator.Build.0 = Release|Any CPU
		{2EECA880-A025-477B-BF65-5E7780A52B90}.QA|iPhoneSimulator.Deploy.0 = Release|Any CPU
		{2EECA880-A025-477B-BF65-5E7780A52B90}.Release|Any CPU.ActiveCfg = Release|Any CPU
		{2EECA880-A025-477B-BF65-5E7780A52B90}.Release|Any CPU.Build.0 = Release|Any CPU
		{2EECA880-A025-477B-BF65-5E7780A52B90}.Release|Any CPU.Deploy.0 = Release|Any CPU
		{2EECA880-A025-477B-BF65-5E7780A52B90}.Release|iPhone.ActiveCfg = Release|Any CPU
		{2EECA880-A025-477B-BF65-5E7780A52B90}.Release|iPhone.Build.0 = Release|Any CPU
		{2EECA880-A025-477B-BF65-5E7780A52B90}.Release|iPhone.Deploy.0 = Release|Any CPU
		{2EECA880-A025-477B-BF65-5E7780A52B90}.Release|iPhoneSimulator.ActiveCfg = Release|Any CPU
		{2EECA880-A025-477B-BF65-5E7780A52B90}.Release|iPhoneSimulator.Build.0 = Release|Any CPU
		{2EECA880-A025-477B-BF65-5E7780A52B90}.Release|iPhoneSimulator.Deploy.0 = Release|Any CPU
		{2EECA880-A025-477B-BF65-5E7780A52B90}.UAT|Any CPU.ActiveCfg = Debug|Any CPU
		{2EECA880-A025-477B-BF65-5E7780A52B90}.UAT|Any CPU.Build.0 = Debug|Any CPU
		{2EECA880-A025-477B-BF65-5E7780A52B90}.UAT|Any CPU.Deploy.0 = Debug|Any CPU
		{2EECA880-A025-477B-BF65-5E7780A52B90}.UAT|iPhone.ActiveCfg = Release|Any CPU
		{2EECA880-A025-477B-BF65-5E7780A52B90}.UAT|iPhone.Build.0 = Release|Any CPU
		{2EECA880-A025-477B-BF65-5E7780A52B90}.UAT|iPhone.Deploy.0 = Release|Any CPU
		{2EECA880-A025-477B-BF65-5E7780A52B90}.UAT|iPhoneSimulator.ActiveCfg = Release|Any CPU
		{2EECA880-A025-477B-BF65-5E7780A52B90}.UAT|iPhoneSimulator.Build.0 = Release|Any CPU
		{2EECA880-A025-477B-BF65-5E7780A52B90}.UAT|iPhoneSimulator.Deploy.0 = Release|Any CPU
		{40BA86FF-5507-4F32-9606-99D4340A4991}.Debug|Any CPU.ActiveCfg = Debug|Any CPU
		{40BA86FF-5507-4F32-9606-99D4340A4991}.Debug|Any CPU.Build.0 = Debug|Any CPU
		{40BA86FF-5507-4F32-9606-99D4340A4991}.Debug|iPhone.ActiveCfg = Debug|Any CPU
		{40BA86FF-5507-4F32-9606-99D4340A4991}.Debug|iPhone.Build.0 = Debug|Any CPU
		{40BA86FF-5507-4F32-9606-99D4340A4991}.Debug|iPhoneSimulator.ActiveCfg = Debug|Any CPU
		{40BA86FF-5507-4F32-9606-99D4340A4991}.Debug|iPhoneSimulator.Build.0 = Debug|Any CPU
		{40BA86FF-5507-4F32-9606-99D4340A4991}.INT|Any CPU.ActiveCfg = Debug|Any CPU
		{40BA86FF-5507-4F32-9606-99D4340A4991}.INT|Any CPU.Build.0 = Debug|Any CPU
		{40BA86FF-5507-4F32-9606-99D4340A4991}.INT|iPhone.ActiveCfg = Release|Any CPU
		{40BA86FF-5507-4F32-9606-99D4340A4991}.INT|iPhone.Build.0 = Release|Any CPU
		{40BA86FF-5507-4F32-9606-99D4340A4991}.INT|iPhoneSimulator.ActiveCfg = Release|Any CPU
		{40BA86FF-5507-4F32-9606-99D4340A4991}.INT|iPhoneSimulator.Build.0 = Release|Any CPU
		{40BA86FF-5507-4F32-9606-99D4340A4991}.IntegrationTest|Any CPU.ActiveCfg = Debug|Any CPU
		{40BA86FF-5507-4F32-9606-99D4340A4991}.IntegrationTest|Any CPU.Build.0 = Debug|Any CPU
		{40BA86FF-5507-4F32-9606-99D4340A4991}.IntegrationTest|iPhone.ActiveCfg = Release|Any CPU
		{40BA86FF-5507-4F32-9606-99D4340A4991}.IntegrationTest|iPhone.Build.0 = Release|Any CPU
		{40BA86FF-5507-4F32-9606-99D4340A4991}.IntegrationTest|iPhoneSimulator.ActiveCfg = Release|Any CPU
		{40BA86FF-5507-4F32-9606-99D4340A4991}.IntegrationTest|iPhoneSimulator.Build.0 = Release|Any CPU
		{40BA86FF-5507-4F32-9606-99D4340A4991}.PROD|Any CPU.ActiveCfg = Debug|Any CPU
		{40BA86FF-5507-4F32-9606-99D4340A4991}.PROD|Any CPU.Build.0 = Debug|Any CPU
		{40BA86FF-5507-4F32-9606-99D4340A4991}.PROD|iPhone.ActiveCfg = Release|Any CPU
		{40BA86FF-5507-4F32-9606-99D4340A4991}.PROD|iPhone.Build.0 = Release|Any CPU
		{40BA86FF-5507-4F32-9606-99D4340A4991}.PROD|iPhoneSimulator.ActiveCfg = Release|Any CPU
		{40BA86FF-5507-4F32-9606-99D4340A4991}.PROD|iPhoneSimulator.Build.0 = Release|Any CPU
		{40BA86FF-5507-4F32-9606-99D4340A4991}.QA|Any CPU.ActiveCfg = Debug|Any CPU
		{40BA86FF-5507-4F32-9606-99D4340A4991}.QA|Any CPU.Build.0 = Debug|Any CPU
		{40BA86FF-5507-4F32-9606-99D4340A4991}.QA|iPhone.ActiveCfg = Release|Any CPU
		{40BA86FF-5507-4F32-9606-99D4340A4991}.QA|iPhone.Build.0 = Release|Any CPU
		{40BA86FF-5507-4F32-9606-99D4340A4991}.QA|iPhoneSimulator.ActiveCfg = Release|Any CPU
		{40BA86FF-5507-4F32-9606-99D4340A4991}.QA|iPhoneSimulator.Build.0 = Release|Any CPU
		{40BA86FF-5507-4F32-9606-99D4340A4991}.Release|Any CPU.ActiveCfg = Release|Any CPU
		{40BA86FF-5507-4F32-9606-99D4340A4991}.Release|Any CPU.Build.0 = Release|Any CPU
		{40BA86FF-5507-4F32-9606-99D4340A4991}.Release|iPhone.ActiveCfg = Release|Any CPU
		{40BA86FF-5507-4F32-9606-99D4340A4991}.Release|iPhone.Build.0 = Release|Any CPU
		{40BA86FF-5507-4F32-9606-99D4340A4991}.Release|iPhoneSimulator.ActiveCfg = Release|Any CPU
		{40BA86FF-5507-4F32-9606-99D4340A4991}.Release|iPhoneSimulator.Build.0 = Release|Any CPU
		{40BA86FF-5507-4F32-9606-99D4340A4991}.UAT|Any CPU.ActiveCfg = Debug|Any CPU
		{40BA86FF-5507-4F32-9606-99D4340A4991}.UAT|Any CPU.Build.0 = Debug|Any CPU
		{40BA86FF-5507-4F32-9606-99D4340A4991}.UAT|iPhone.ActiveCfg = Release|Any CPU
		{40BA86FF-5507-4F32-9606-99D4340A4991}.UAT|iPhone.Build.0 = Release|Any CPU
		{40BA86FF-5507-4F32-9606-99D4340A4991}.UAT|iPhoneSimulator.ActiveCfg = Release|Any CPU
		{40BA86FF-5507-4F32-9606-99D4340A4991}.UAT|iPhoneSimulator.Build.0 = Release|Any CPU
		{303DF880-8C0A-496E-86EC-AA6556B14363}.Debug|Any CPU.ActiveCfg = Debug|Any CPU
		{303DF880-8C0A-496E-86EC-AA6556B14363}.Debug|Any CPU.Build.0 = Debug|Any CPU
		{303DF880-8C0A-496E-86EC-AA6556B14363}.Debug|iPhone.ActiveCfg = Debug|Any CPU
		{303DF880-8C0A-496E-86EC-AA6556B14363}.Debug|iPhone.Build.0 = Debug|Any CPU
		{303DF880-8C0A-496E-86EC-AA6556B14363}.Debug|iPhoneSimulator.ActiveCfg = Debug|Any CPU
		{303DF880-8C0A-496E-86EC-AA6556B14363}.Debug|iPhoneSimulator.Build.0 = Debug|Any CPU
		{303DF880-8C0A-496E-86EC-AA6556B14363}.INT|Any CPU.ActiveCfg = INT|Any CPU
		{303DF880-8C0A-496E-86EC-AA6556B14363}.INT|Any CPU.Build.0 = INT|Any CPU
		{303DF880-8C0A-496E-86EC-AA6556B14363}.INT|iPhone.ActiveCfg = INT|Any CPU
		{303DF880-8C0A-496E-86EC-AA6556B14363}.INT|iPhone.Build.0 = INT|Any CPU
		{303DF880-8C0A-496E-86EC-AA6556B14363}.INT|iPhoneSimulator.ActiveCfg = INT|Any CPU
		{303DF880-8C0A-496E-86EC-AA6556B14363}.INT|iPhoneSimulator.Build.0 = INT|Any CPU
		{303DF880-8C0A-496E-86EC-AA6556B14363}.IntegrationTest|Any CPU.ActiveCfg = IntegrationTest|Any CPU
		{303DF880-8C0A-496E-86EC-AA6556B14363}.IntegrationTest|Any CPU.Build.0 = IntegrationTest|Any CPU
		{303DF880-8C0A-496E-86EC-AA6556B14363}.IntegrationTest|iPhone.ActiveCfg = IntegrationTest|Any CPU
		{303DF880-8C0A-496E-86EC-AA6556B14363}.IntegrationTest|iPhone.Build.0 = IntegrationTest|Any CPU
		{303DF880-8C0A-496E-86EC-AA6556B14363}.IntegrationTest|iPhoneSimulator.ActiveCfg = IntegrationTest|Any CPU
		{303DF880-8C0A-496E-86EC-AA6556B14363}.IntegrationTest|iPhoneSimulator.Build.0 = IntegrationTest|Any CPU
		{303DF880-8C0A-496E-86EC-AA6556B14363}.PROD|Any CPU.ActiveCfg = PROD|Any CPU
		{303DF880-8C0A-496E-86EC-AA6556B14363}.PROD|Any CPU.Build.0 = PROD|Any CPU
		{303DF880-8C0A-496E-86EC-AA6556B14363}.PROD|iPhone.ActiveCfg = PROD|Any CPU
		{303DF880-8C0A-496E-86EC-AA6556B14363}.PROD|iPhone.Build.0 = PROD|Any CPU
		{303DF880-8C0A-496E-86EC-AA6556B14363}.PROD|iPhoneSimulator.ActiveCfg = PROD|Any CPU
		{303DF880-8C0A-496E-86EC-AA6556B14363}.PROD|iPhoneSimulator.Build.0 = PROD|Any CPU
		{303DF880-8C0A-496E-86EC-AA6556B14363}.QA|Any CPU.ActiveCfg = QA|Any CPU
		{303DF880-8C0A-496E-86EC-AA6556B14363}.QA|Any CPU.Build.0 = QA|Any CPU
		{303DF880-8C0A-496E-86EC-AA6556B14363}.QA|iPhone.ActiveCfg = QA|Any CPU
		{303DF880-8C0A-496E-86EC-AA6556B14363}.QA|iPhone.Build.0 = QA|Any CPU
		{303DF880-8C0A-496E-86EC-AA6556B14363}.QA|iPhoneSimulator.ActiveCfg = QA|Any CPU
		{303DF880-8C0A-496E-86EC-AA6556B14363}.QA|iPhoneSimulator.Build.0 = QA|Any CPU
		{303DF880-8C0A-496E-86EC-AA6556B14363}.Release|Any CPU.ActiveCfg = Release|Any CPU
		{303DF880-8C0A-496E-86EC-AA6556B14363}.Release|Any CPU.Build.0 = Release|Any CPU
		{303DF880-8C0A-496E-86EC-AA6556B14363}.Release|iPhone.ActiveCfg = Release|Any CPU
		{303DF880-8C0A-496E-86EC-AA6556B14363}.Release|iPhone.Build.0 = Release|Any CPU
		{303DF880-8C0A-496E-86EC-AA6556B14363}.Release|iPhoneSimulator.ActiveCfg = Release|Any CPU
		{303DF880-8C0A-496E-86EC-AA6556B14363}.Release|iPhoneSimulator.Build.0 = Release|Any CPU
		{303DF880-8C0A-496E-86EC-AA6556B14363}.UAT|Any CPU.ActiveCfg = UAT|Any CPU
		{303DF880-8C0A-496E-86EC-AA6556B14363}.UAT|Any CPU.Build.0 = UAT|Any CPU
		{303DF880-8C0A-496E-86EC-AA6556B14363}.UAT|iPhone.ActiveCfg = UAT|Any CPU
		{303DF880-8C0A-496E-86EC-AA6556B14363}.UAT|iPhone.Build.0 = UAT|Any CPU
		{303DF880-8C0A-496E-86EC-AA6556B14363}.UAT|iPhoneSimulator.ActiveCfg = UAT|Any CPU
		{303DF880-8C0A-496E-86EC-AA6556B14363}.UAT|iPhoneSimulator.Build.0 = UAT|Any CPU
		{8F6CC0B7-E05C-47CF-A7DA-353F12FB823F}.Debug|Any CPU.ActiveCfg = Debug|Any CPU
		{8F6CC0B7-E05C-47CF-A7DA-353F12FB823F}.Debug|Any CPU.Build.0 = Debug|Any CPU
		{8F6CC0B7-E05C-47CF-A7DA-353F12FB823F}.Debug|iPhone.ActiveCfg = Debug|Any CPU
		{8F6CC0B7-E05C-47CF-A7DA-353F12FB823F}.Debug|iPhone.Build.0 = Debug|Any CPU
		{8F6CC0B7-E05C-47CF-A7DA-353F12FB823F}.Debug|iPhoneSimulator.ActiveCfg = Debug|Any CPU
		{8F6CC0B7-E05C-47CF-A7DA-353F12FB823F}.Debug|iPhoneSimulator.Build.0 = Debug|Any CPU
		{8F6CC0B7-E05C-47CF-A7DA-353F12FB823F}.INT|Any CPU.ActiveCfg = INT|Any CPU
		{8F6CC0B7-E05C-47CF-A7DA-353F12FB823F}.INT|Any CPU.Build.0 = INT|Any CPU
		{8F6CC0B7-E05C-47CF-A7DA-353F12FB823F}.INT|iPhone.ActiveCfg = INT|Any CPU
		{8F6CC0B7-E05C-47CF-A7DA-353F12FB823F}.INT|iPhone.Build.0 = INT|Any CPU
		{8F6CC0B7-E05C-47CF-A7DA-353F12FB823F}.INT|iPhoneSimulator.ActiveCfg = INT|Any CPU
		{8F6CC0B7-E05C-47CF-A7DA-353F12FB823F}.INT|iPhoneSimulator.Build.0 = INT|Any CPU
		{8F6CC0B7-E05C-47CF-A7DA-353F12FB823F}.IntegrationTest|Any CPU.ActiveCfg = IntegrationTest|Any CPU
		{8F6CC0B7-E05C-47CF-A7DA-353F12FB823F}.IntegrationTest|Any CPU.Build.0 = IntegrationTest|Any CPU
		{8F6CC0B7-E05C-47CF-A7DA-353F12FB823F}.IntegrationTest|iPhone.ActiveCfg = IntegrationTest|Any CPU
		{8F6CC0B7-E05C-47CF-A7DA-353F12FB823F}.IntegrationTest|iPhone.Build.0 = IntegrationTest|Any CPU
		{8F6CC0B7-E05C-47CF-A7DA-353F12FB823F}.IntegrationTest|iPhoneSimulator.ActiveCfg = IntegrationTest|Any CPU
		{8F6CC0B7-E05C-47CF-A7DA-353F12FB823F}.IntegrationTest|iPhoneSimulator.Build.0 = IntegrationTest|Any CPU
		{8F6CC0B7-E05C-47CF-A7DA-353F12FB823F}.PROD|Any CPU.ActiveCfg = PROD|Any CPU
		{8F6CC0B7-E05C-47CF-A7DA-353F12FB823F}.PROD|Any CPU.Build.0 = PROD|Any CPU
		{8F6CC0B7-E05C-47CF-A7DA-353F12FB823F}.PROD|iPhone.ActiveCfg = PROD|Any CPU
		{8F6CC0B7-E05C-47CF-A7DA-353F12FB823F}.PROD|iPhone.Build.0 = PROD|Any CPU
		{8F6CC0B7-E05C-47CF-A7DA-353F12FB823F}.PROD|iPhoneSimulator.ActiveCfg = PROD|Any CPU
		{8F6CC0B7-E05C-47CF-A7DA-353F12FB823F}.PROD|iPhoneSimulator.Build.0 = PROD|Any CPU
		{8F6CC0B7-E05C-47CF-A7DA-353F12FB823F}.QA|Any CPU.ActiveCfg = QA|Any CPU
		{8F6CC0B7-E05C-47CF-A7DA-353F12FB823F}.QA|Any CPU.Build.0 = QA|Any CPU
		{8F6CC0B7-E05C-47CF-A7DA-353F12FB823F}.QA|iPhone.ActiveCfg = QA|Any CPU
		{8F6CC0B7-E05C-47CF-A7DA-353F12FB823F}.QA|iPhone.Build.0 = QA|Any CPU
		{8F6CC0B7-E05C-47CF-A7DA-353F12FB823F}.QA|iPhoneSimulator.ActiveCfg = QA|Any CPU
		{8F6CC0B7-E05C-47CF-A7DA-353F12FB823F}.QA|iPhoneSimulator.Build.0 = QA|Any CPU
		{8F6CC0B7-E05C-47CF-A7DA-353F12FB823F}.Release|Any CPU.ActiveCfg = Release|Any CPU
		{8F6CC0B7-E05C-47CF-A7DA-353F12FB823F}.Release|Any CPU.Build.0 = Release|Any CPU
		{8F6CC0B7-E05C-47CF-A7DA-353F12FB823F}.Release|iPhone.ActiveCfg = Release|Any CPU
		{8F6CC0B7-E05C-47CF-A7DA-353F12FB823F}.Release|iPhone.Build.0 = Release|Any CPU
		{8F6CC0B7-E05C-47CF-A7DA-353F12FB823F}.Release|iPhoneSimulator.ActiveCfg = Release|Any CPU
		{8F6CC0B7-E05C-47CF-A7DA-353F12FB823F}.Release|iPhoneSimulator.Build.0 = Release|Any CPU
		{8F6CC0B7-E05C-47CF-A7DA-353F12FB823F}.UAT|Any CPU.ActiveCfg = UAT|Any CPU
		{8F6CC0B7-E05C-47CF-A7DA-353F12FB823F}.UAT|Any CPU.Build.0 = UAT|Any CPU
		{8F6CC0B7-E05C-47CF-A7DA-353F12FB823F}.UAT|iPhone.ActiveCfg = UAT|Any CPU
		{8F6CC0B7-E05C-47CF-A7DA-353F12FB823F}.UAT|iPhone.Build.0 = UAT|Any CPU
		{8F6CC0B7-E05C-47CF-A7DA-353F12FB823F}.UAT|iPhoneSimulator.ActiveCfg = UAT|Any CPU
		{8F6CC0B7-E05C-47CF-A7DA-353F12FB823F}.UAT|iPhoneSimulator.Build.0 = UAT|Any CPU
		{29146226-DFC7-45F9-AFC7-EFD8528C1B17}.Debug|Any CPU.ActiveCfg = Debug|Any CPU
		{29146226-DFC7-45F9-AFC7-EFD8528C1B17}.Debug|Any CPU.Build.0 = Debug|Any CPU
		{29146226-DFC7-45F9-AFC7-EFD8528C1B17}.Debug|iPhone.ActiveCfg = Debug|Any CPU
		{29146226-DFC7-45F9-AFC7-EFD8528C1B17}.Debug|iPhone.Build.0 = Debug|Any CPU
		{29146226-DFC7-45F9-AFC7-EFD8528C1B17}.Debug|iPhoneSimulator.ActiveCfg = Debug|Any CPU
		{29146226-DFC7-45F9-AFC7-EFD8528C1B17}.Debug|iPhoneSimulator.Build.0 = Debug|Any CPU
		{29146226-DFC7-45F9-AFC7-EFD8528C1B17}.INT|Any CPU.ActiveCfg = Debug|Any CPU
		{29146226-DFC7-45F9-AFC7-EFD8528C1B17}.INT|Any CPU.Build.0 = Debug|Any CPU
		{29146226-DFC7-45F9-AFC7-EFD8528C1B17}.INT|iPhone.ActiveCfg = Release|Any CPU
		{29146226-DFC7-45F9-AFC7-EFD8528C1B17}.INT|iPhone.Build.0 = Release|Any CPU
		{29146226-DFC7-45F9-AFC7-EFD8528C1B17}.INT|iPhoneSimulator.ActiveCfg = Release|Any CPU
		{29146226-DFC7-45F9-AFC7-EFD8528C1B17}.INT|iPhoneSimulator.Build.0 = Release|Any CPU
		{29146226-DFC7-45F9-AFC7-EFD8528C1B17}.IntegrationTest|Any CPU.ActiveCfg = Debug|Any CPU
		{29146226-DFC7-45F9-AFC7-EFD8528C1B17}.IntegrationTest|Any CPU.Build.0 = Debug|Any CPU
		{29146226-DFC7-45F9-AFC7-EFD8528C1B17}.IntegrationTest|iPhone.ActiveCfg = Release|Any CPU
		{29146226-DFC7-45F9-AFC7-EFD8528C1B17}.IntegrationTest|iPhone.Build.0 = Release|Any CPU
		{29146226-DFC7-45F9-AFC7-EFD8528C1B17}.IntegrationTest|iPhoneSimulator.ActiveCfg = Release|Any CPU
		{29146226-DFC7-45F9-AFC7-EFD8528C1B17}.IntegrationTest|iPhoneSimulator.Build.0 = Release|Any CPU
		{29146226-DFC7-45F9-AFC7-EFD8528C1B17}.PROD|Any CPU.ActiveCfg = Debug|Any CPU
		{29146226-DFC7-45F9-AFC7-EFD8528C1B17}.PROD|Any CPU.Build.0 = Debug|Any CPU
		{29146226-DFC7-45F9-AFC7-EFD8528C1B17}.PROD|iPhone.ActiveCfg = Release|Any CPU
		{29146226-DFC7-45F9-AFC7-EFD8528C1B17}.PROD|iPhone.Build.0 = Release|Any CPU
		{29146226-DFC7-45F9-AFC7-EFD8528C1B17}.PROD|iPhoneSimulator.ActiveCfg = Release|Any CPU
		{29146226-DFC7-45F9-AFC7-EFD8528C1B17}.PROD|iPhoneSimulator.Build.0 = Release|Any CPU
		{29146226-DFC7-45F9-AFC7-EFD8528C1B17}.QA|Any CPU.ActiveCfg = Debug|Any CPU
		{29146226-DFC7-45F9-AFC7-EFD8528C1B17}.QA|Any CPU.Build.0 = Debug|Any CPU
		{29146226-DFC7-45F9-AFC7-EFD8528C1B17}.QA|iPhone.ActiveCfg = Release|Any CPU
		{29146226-DFC7-45F9-AFC7-EFD8528C1B17}.QA|iPhone.Build.0 = Release|Any CPU
		{29146226-DFC7-45F9-AFC7-EFD8528C1B17}.QA|iPhoneSimulator.ActiveCfg = Release|Any CPU
		{29146226-DFC7-45F9-AFC7-EFD8528C1B17}.QA|iPhoneSimulator.Build.0 = Release|Any CPU
		{29146226-DFC7-45F9-AFC7-EFD8528C1B17}.Release|Any CPU.ActiveCfg = Release|Any CPU
		{29146226-DFC7-45F9-AFC7-EFD8528C1B17}.Release|Any CPU.Build.0 = Release|Any CPU
		{29146226-DFC7-45F9-AFC7-EFD8528C1B17}.Release|iPhone.ActiveCfg = Release|Any CPU
		{29146226-DFC7-45F9-AFC7-EFD8528C1B17}.Release|iPhone.Build.0 = Release|Any CPU
		{29146226-DFC7-45F9-AFC7-EFD8528C1B17}.Release|iPhoneSimulator.ActiveCfg = Release|Any CPU
		{29146226-DFC7-45F9-AFC7-EFD8528C1B17}.Release|iPhoneSimulator.Build.0 = Release|Any CPU
		{29146226-DFC7-45F9-AFC7-EFD8528C1B17}.UAT|Any CPU.ActiveCfg = Debug|Any CPU
		{29146226-DFC7-45F9-AFC7-EFD8528C1B17}.UAT|Any CPU.Build.0 = Debug|Any CPU
		{29146226-DFC7-45F9-AFC7-EFD8528C1B17}.UAT|iPhone.ActiveCfg = Release|Any CPU
		{29146226-DFC7-45F9-AFC7-EFD8528C1B17}.UAT|iPhone.Build.0 = Release|Any CPU
		{29146226-DFC7-45F9-AFC7-EFD8528C1B17}.UAT|iPhoneSimulator.ActiveCfg = Release|Any CPU
		{29146226-DFC7-45F9-AFC7-EFD8528C1B17}.UAT|iPhoneSimulator.Build.0 = Release|Any CPU
	EndGlobalSection
	GlobalSection(SolutionProperties) = preSolution
		HideSolutionNode = FALSE
	EndGlobalSection
	GlobalSection(NestedProjects) = preSolution
		{68873805-F865-492D-8853-82E6B4A85F46} = {3AB24D8A-3508-445C-B9A2-BD501CE2FB42}
		{D0547A12-2163-46F8-B480-FDB8EB9A17B8} = {E76C3EDA-6D18-4A29-A8C3-9DB22FBF8A6B}
		{F85D76BD-8917-4153-8729-079ED0B80E82} = {E76C3EDA-6D18-4A29-A8C3-9DB22FBF8A6B}
		{91DED369-ED7E-4DC2-88D3-F00539D3C4CF} = {3485A0AC-2544-42A8-9927-72F980FE3FB1}
		{1C0C1250-6E85-4992-AB54-47D0A9CFDB91} = {3485A0AC-2544-42A8-9927-72F980FE3FB1}
		{EB6D1EEB-A553-4640-8C89-4CC50B46E10F} = {3AB24D8A-3508-445C-B9A2-BD501CE2FB42}
		{29A46707-129F-452B-8E32-F8BDCF41877C} = {6D69BD77-3E0D-4E74-B0AC-4D5CB3972DA5}
		{03F63D8D-4D56-4B94-9F87-7E1EFB9B384E} = {3485A0AC-2544-42A8-9927-72F980FE3FB1}
		{EA729D27-35E5-4AF6-969B-5CE5064B47EC} = {304D649C-ECC7-4BC7-A619-5A9FCCEBBE26}
		{9E39E446-D64B-4AD3-A1E9-6F2E572FCB56} = {E76C3EDA-6D18-4A29-A8C3-9DB22FBF8A6B}
		{2EECA880-A025-477B-BF65-5E7780A52B90} = {F7AF6AA4-E999-4E43-AB66-04E967947AFC}
		{40BA86FF-5507-4F32-9606-99D4340A4991} = {6D69BD77-3E0D-4E74-B0AC-4D5CB3972DA5}
		{303DF880-8C0A-496E-86EC-AA6556B14363} = {E76C3EDA-6D18-4A29-A8C3-9DB22FBF8A6B}
		{8F6CC0B7-E05C-47CF-A7DA-353F12FB823F} = {6D69BD77-3E0D-4E74-B0AC-4D5CB3972DA5}
		{29146226-DFC7-45F9-AFC7-EFD8528C1B17} = {6D69BD77-3E0D-4E74-B0AC-4D5CB3972DA5}
	EndGlobalSection
	GlobalSection(ExtensibilityGlobals) = postSolution
		SolutionGuid = {9182871B-9D98-4E7F-855B-C984EE5AD602}
	EndGlobalSection
EndGlobal
